
Microsoft Visual Studio Solution File, Format Version 12.00
# Visual Studio Version 17
VisualStudioVersion = 17.9.34607.119
MinimumVisualStudioVersion = 10.0.40219.1
Project("{888888A0-9F3D-457C-B088-3A5042F75D52}") = "Ray Casting", "Ray Casting.pyproj", "{622B802A-644A-47BF-B67A-D7A63421450C}"
EndProject
Global
	GlobalSection(SolutionConfigurationPlatforms) = preSolution
		Debug|Any CPU = Debug|Any CPU
		Release|Any CPU = Release|Any CPU
	EndGlobalSection
	GlobalSection(ProjectConfigurationPlatforms) = postSolution
		{622B802A-644A-47BF-B67A-D7A63421450C}.Debug|Any CPU.ActiveCfg = Debug|Any CPU
		{622B802A-644A-47BF-B67A-D7A63421450C}.Release|Any CPU.ActiveCfg = Release|Any CPU
	EndGlobalSection
	GlobalSection(SolutionProperties) = preSolution
		HideSolutionNode = FALSE
	EndGlobalSection
	GlobalSection(ExtensibilityGlobals) = postSolution
		SolutionGuid = {6ABFAB38-7C21-4FB6-9CFD-0685DDBC1508}
	EndGlobalSection
EndGlobal
